Microsoft Visual Studio Solution File, Format Version 12.00
# Visual Studio Version 17
VisualStudioVersion = 17.5.2.0
MinimumVisualStudioVersion = 10.0.40219.1
Project("{FAE04EC0-301F-11D3-BF4B-00C04F79EFBC}") = "AiAssistant", "AiAssistant.csproj", "{BDA0A279-504E-20C9-50B1-BE3518A478A5}"
EndProject
Global
	GlobalSection(SolutionConfigurationPlatforms) = preSolution
		Debug|Any CPU = Debug|Any CPU
		Release|Any CPU = Release|Any CPU
	EndGlobalSection
	GlobalSection(ProjectConfigurationPlatforms) = postSolution
		{BDA0A279-504E-20C9-50B1-BE3518A478A5}.Debug|Any CPU.ActiveCfg = Debug|Any CPU
		{BDA0A279-504E-20C9-50B1-BE3518A478A5}.Debug|Any CPU.Build.0 = Debug|Any CPU
		{BDA0A279-504E-20C9-50B1-BE3518A478A5}.Release|Any CPU.ActiveCfg = Release|Any CPU
		{BDA0A279-504E-20C9-50B1-BE3518A478A5}.Release|Any CPU.Build.0 = Release|Any CPU
	EndGlobalSection
	GlobalSection(SolutionProperties) = preSolution
		HideSolutionNode = FALSE
	EndGlobalSection
	GlobalSection(ExtensibilityGlobals) = postSolution
		SolutionGuid = {0E02F736-F818-4BEB-9A28-F34B36764DF6}
	EndGlobalSection
EndGlobal
